
Microsoft Visual Studio Solution File, Format Version 12.00
# Visual Studio 14
VisualStudioVersion = 14.0.24720.0
MinimumVisualStudioVersion = 10.0.40219.1
Project("{2150E333-8FDC-42A3-9474-1A3956D46DE8}") = "Samples", "Samples", "{382195D9-667B-43DE-B5F1-C65D2384772B}"
EndProject
Project("{2150E333-8FDC-42A3-9474-1A3956D46DE8}") = "Services", "Services", "{FE53C496-8217-4B18-BDDB-7A9DEC053FF4}"
EndProject
Project("{FAE04EC0-301F-11D3-BF4B-00C04F79EFBC}") = "IoTService", "IoTService\IoTService.csproj", "{16FA5AD6-07AE-4B97-B716-6ABE71DD3789}"
EndProject
Project("{FAE04EC0-301F-11D3-BF4B-00C04F79EFBC}") = "IoTHelpers", "IoTHelpers\IoTHelpers.csproj", "{0B764853-9F9D-4C13-B922-40D3899DC10A}"
EndProject
Project("{FAE04EC0-301F-11D3-BF4B-00C04F79EFBC}") = "MotionDetector", "Samples\MotionDetector\MotionDetector.csproj", "{7AFC7B7A-DBB0-4E94-B899-6B5BD6CD01B3}"
EndProject
Project("{FAE04EC0-301F-11D3-BF4B-00C04F79EFBC}") = "PushButtonLed", "Samples\PushButtonLed\PushButtonLed.csproj", "{44482D76-ACFF-499E-9180-91D5501998C8}"
EndProject
Project("{FAE04EC0-301F-11D3-BF4B-00C04F79EFBC}") = "RemoteControl", "Samples\RemoteControl\RemoteControl.csproj", "{D3666675-E41D-4E7B-A4D3-2C8A881A251C}"
EndProject
Project("{2150E333-8FDC-42A3-9474-1A3956D46DE8}") = "NuGet", "NuGet", "{D1B76346-B05A-4F37-AE3E-F1A5A70691B6}"
	ProjectSection(SolutionItems) = preProject
		build.ps1 = build.ps1
		IoTHelpers.nuspec = IoTHelpers.nuspec
		IoTHelpers.proj = IoTHelpers.proj
	EndProjectSection
EndProject
Project("{FAE04EC0-301F-11D3-BF4B-00C04F79EFBC}") = "BlankApp", "Samples\BlankApp\BlankApp.csproj", "{D9CC0018-0712-4F1C-86E7-BFFFDC652C71}"
EndProject
Project("{FAE04EC0-301F-11D3-BF4B-00C04F79EFBC}") = "UltrasonicDistance", "Samples\UltrasonicDistance\UltrasonicDistance.csproj", "{65A675F7-E70A-487A-AE5F-8A6B9C56A358}"
EndProject
Project("{8BC9CEB8-8B4A-11D0-8D11-00A0C91BC942}") = "IoTHelpers.Runtime", "IoTHelpers.Runtime\IoTHelpers.Runtime.vcxproj", "{2CD70A4F-9EED-4CDA-9E07-1A2BD33B4976}"
EndProject
Project("{FAE04EC0-301F-11D3-BF4B-00C04F79EFBC}") = "RoverRemoteControl", "Samples\RoverRemoteControl\RoverRemoteControl.csproj", "{10EFF263-2AF4-468B-B67A-2F7D66A27AE8}"
EndProject
Project("{FAE04EC0-301F-11D3-BF4B-00C04F79EFBC}") = "JukeBox", "Samples\JukeBox\JukeBox.csproj", "{CEE0576C-C001-416D-84B7-71A712AB909A}"
EndProject
Global
	GlobalSection(SolutionConfigurationPlatforms) = preSolution
		Debug|Any CPU = Debug|Any CPU
		Debug|ARM = Debug|ARM
		Debug|x64 = Debug|x64
		Debug|x86 = Debug|x86
		Release|Any CPU = Release|Any CPU
		Release|ARM = Release|ARM
		Release|x64 = Release|x64
		Release|x86 = Release|x86
	EndGlobalSection
	GlobalSection(ProjectConfigurationPlatforms) = postSolution
		{16FA5AD6-07AE-4B97-B716-6ABE71DD3789}.Debug|Any CPU.ActiveCfg = Debug|Any CPU
		{16FA5AD6-07AE-4B97-B716-6ABE71DD3789}.Debug|Any CPU.Build.0 = Debug|Any CPU
		{16FA5AD6-07AE-4B97-B716-6ABE71DD3789}.Debug|ARM.ActiveCfg = Debug|Any CPU
		{16FA5AD6-07AE-4B97-B716-6ABE71DD3789}.Debug|ARM.Build.0 = Debug|Any CPU
		{16FA5AD6-07AE-4B97-B716-6ABE71DD3789}.Debug|x64.ActiveCfg = Debug|Any CPU
		{16FA5AD6-07AE-4B97-B716-6ABE71DD3789}.Debug|x64.Build.0 = Debug|Any CPU
		{16FA5AD6-07AE-4B97-B716-6ABE71DD3789}.Debug|x86.ActiveCfg = Debug|Any CPU
		{16FA5AD6-07AE-4B97-B716-6ABE71DD3789}.Debug|x86.Build.0 = Debug|Any CPU
		{16FA5AD6-07AE-4B97-B716-6ABE71DD3789}.Release|Any CPU.ActiveCfg = Release|Any CPU
		{16FA5AD6-07AE-4B97-B716-6ABE71DD3789}.Release|Any CPU.Build.0 = Release|Any CPU
		{16FA5AD6-07AE-4B97-B716-6ABE71DD3789}.Release|ARM.ActiveCfg = Release|Any CPU
		{16FA5AD6-07AE-4B97-B716-6ABE71DD3789}.Release|ARM.Build.0 = Release|Any CPU
		{16FA5AD6-07AE-4B97-B716-6ABE71DD3789}.Release|x64.ActiveCfg = Release|Any CPU
		{16FA5AD6-07AE-4B97-B716-6ABE71DD3789}.Release|x64.Build.0 = Release|Any CPU
		{16FA5AD6-07AE-4B97-B716-6ABE71DD3789}.Release|x86.ActiveCfg = Release|Any CPU
		{16FA5AD6-07AE-4B97-B716-6ABE71DD3789}.Release|x86.Build.0 = Release|Any CPU
		{0B764853-9F9D-4C13-B922-40D3899DC10A}.Debug|Any CPU.ActiveCfg = Debug|Any CPU
		{0B764853-9F9D-4C13-B922-40D3899DC10A}.Debug|Any CPU.Build.0 = Debug|Any CPU
		{0B764853-9F9D-4C13-B922-40D3899DC10A}.Debug|ARM.ActiveCfg = Debug|ARM
		{0B764853-9F9D-4C13-B922-40D3899DC10A}.Debug|ARM.Build.0 = Debug|ARM
		{0B764853-9F9D-4C13-B922-40D3899DC10A}.Debug|x64.ActiveCfg = Debug|x64
		{0B764853-9F9D-4C13-B922-40D3899DC10A}.Debug|x64.Build.0 = Debug|x64
		{0B764853-9F9D-4C13-B922-40D3899DC10A}.Debug|x86.ActiveCfg = Debug|x86
		{0B764853-9F9D-4C13-B922-40D3899DC10A}.Debug|x86.Build.0 = Debug|x86
		{0B764853-9F9D-4C13-B922-40D3899DC10A}.Release|Any CPU.ActiveCfg = Release|Any CPU
		{0B764853-9F9D-4C13-B922-40D3899DC10A}.Release|Any CPU.Build.0 = Release|Any CPU
		{0B764853-9F9D-4C13-B922-40D3899DC10A}.Release|ARM.ActiveCfg = Release|ARM
		{0B764853-9F9D-4C13-B922-40D3899DC10A}.Release|ARM.Build.0 = Release|ARM
		{0B764853-9F9D-4C13-B922-40D3899DC10A}.Release|x64.ActiveCfg = Release|x64
		{0B764853-9F9D-4C13-B922-40D3899DC10A}.Release|x64.Build.0 = Release|x64
		{0B764853-9F9D-4C13-B922-40D3899DC10A}.Release|x86.ActiveCfg = Release|x86
		{0B764853-9F9D-4C13-B922-40D3899DC10A}.Release|x86.Build.0 = Release|x86
		{7AFC7B7A-DBB0-4E94-B899-6B5BD6CD01B3}.Debug|Any CPU.ActiveCfg = Debug|x86
		{7AFC7B7A-DBB0-4E94-B899-6B5BD6CD01B3}.Debug|ARM.ActiveCfg = Debug|ARM
		{7AFC7B7A-DBB0-4E94-B899-6B5BD6CD01B3}.Debug|ARM.Build.0 = Debug|ARM
		{7AFC7B7A-DBB0-4E94-B899-6B5BD6CD01B3}.Debug|ARM.Deploy.0 = Debug|ARM
		{7AFC7B7A-DBB0-4E94-B899-6B5BD6CD01B3}.Debug|x64.ActiveCfg = Debug|x64
		{7AFC7B7A-DBB0-4E94-B899-6B5BD6CD01B3}.Debug|x64.Build.0 = Debug|x64
		{7AFC7B7A-DBB0-4E94-B899-6B5BD6CD01B3}.Debug|x64.Deploy.0 = Debug|x64
		{7AFC7B7A-DBB0-4E94-B899-6B5BD6CD01B3}.Debug|x86.ActiveCfg = Debug|x86
		{7AFC7B7A-DBB0-4E94-B899-6B5BD6CD01B3}.Debug|x86.Build.0 = Debug|x86
		{7AFC7B7A-DBB0-4E94-B899-6B5BD6CD01B3}.Debug|x86.Deploy.0 = Debug|x86
		{7AFC7B7A-DBB0-4E94-B899-6B5BD6CD01B3}.Release|Any CPU.ActiveCfg = Release|x86
		{7AFC7B7A-DBB0-4E94-B899-6B5BD6CD01B3}.Release|ARM.ActiveCfg = Release|ARM
		{7AFC7B7A-DBB0-4E94-B899-6B5BD6CD01B3}.Release|ARM.Build.0 = Release|ARM
		{7AFC7B7A-DBB0-4E94-B899-6B5BD6CD01B3}.Release|ARM.Deploy.0 = Release|ARM
		{7AFC7B7A-DBB0-4E94-B899-6B5BD6CD01B3}.Release|x64.ActiveCfg = Release|x64
		{7AFC7B7A-DBB0-4E94-B899-6B5BD6CD01B3}.Release|x64.Build.0 = Release|x64
		{7AFC7B7A-DBB0-4E94-B899-6B5BD6CD01B3}.Release|x64.Deploy.0 = Release|x64
		{7AFC7B7A-DBB0-4E94-B899-6B5BD6CD01B3}.Release|x86.ActiveCfg = Release|x86
		{7AFC7B7A-DBB0-4E94-B899-6B5BD6CD01B3}.Release|x86.Build.0 = Release|x86
		{7AFC7B7A-DBB0-4E94-B899-6B5BD6CD01B3}.Release|x86.Deploy.0 = Release|x86
		{44482D76-ACFF-499E-9180-91D5501998C8}.Debug|Any CPU.ActiveCfg = Debug|x86
		{44482D76-ACFF-499E-9180-91D5501998C8}.Debug|ARM.ActiveCfg = Debug|ARM
		{44482D76-ACFF-499E-9180-91D5501998C8}.Debug|ARM.Build.0 = Debug|ARM
		{44482D76-ACFF-499E-9180-91D5501998C8}.Debug|ARM.Deploy.0 = Debug|ARM
		{44482D76-ACFF-499E-9180-91D5501998C8}.Debug|x64.ActiveCfg = Debug|x64
		{44482D76-ACFF-499E-9180-91D5501998C8}.Debug|x64.Build.0 = Debug|x64
		{44482D76-ACFF-499E-9180-91D5501998C8}.Debug|x64.Deploy.0 = Debug|x64
		{44482D76-ACFF-499E-9180-91D5501998C8}.Debug|x86.ActiveCfg = Debug|x86
		{44482D76-ACFF-499E-9180-91D5501998C8}.Debug|x86.Build.0 = Debug|x86
		{44482D76-ACFF-499E-9180-91D5501998C8}.Debug|x86.Deploy.0 = Debug|x86
		{44482D76-ACFF-499E-9180-91D5501998C8}.Release|Any CPU.ActiveCfg = Release|x86
		{44482D76-ACFF-499E-9180-91D5501998C8}.Release|ARM.ActiveCfg = Release|ARM
		{44482D76-ACFF-499E-9180-91D5501998C8}.Release|ARM.Build.0 = Release|ARM
		{44482D76-ACFF-499E-9180-91D5501998C8}.Release|ARM.Deploy.0 = Release|ARM
		{44482D76-ACFF-499E-9180-91D5501998C8}.Release|x64.ActiveCfg = Release|x64
		{44482D76-ACFF-499E-9180-91D5501998C8}.Release|x64.Build.0 = Release|x64
		{44482D76-ACFF-499E-9180-91D5501998C8}.Release|x64.Deploy.0 = Release|x64
		{44482D76-ACFF-499E-9180-91D5501998C8}.Release|x86.ActiveCfg = Release|x86
		{44482D76-ACFF-499E-9180-91D5501998C8}.Release|x86.Build.0 = Release|x86
		{44482D76-ACFF-499E-9180-91D5501998C8}.Release|x86.Deploy.0 = Release|x86
		{D3666675-E41D-4E7B-A4D3-2C8A881A251C}.Debug|Any CPU.ActiveCfg = Debug|x86
		{D3666675-E41D-4E7B-A4D3-2C8A881A251C}.Debug|ARM.ActiveCfg = Debug|ARM
		{D3666675-E41D-4E7B-A4D3-2C8A881A251C}.Debug|ARM.Build.0 = Debug|ARM
		{D3666675-E41D-4E7B-A4D3-2C8A881A251C}.Debug|ARM.Deploy.0 = Debug|ARM
		{D3666675-E41D-4E7B-A4D3-2C8A881A251C}.Debug|x64.ActiveCfg = Debug|x64
		{D3666675-E41D-4E7B-A4D3-2C8A881A251C}.Debug|x64.Build.0 = Debug|x64
		{D3666675-E41D-4E7B-A4D3-2C8A881A251C}.Debug|x64.Deploy.0 = Debug|x64
		{D3666675-E41D-4E7B-A4D3-2C8A881A251C}.Debug|x86.ActiveCfg = Debug|x86
		{D3666675-E41D-4E7B-A4D3-2C8A881A251C}.Debug|x86.Build.0 = Debug|x86
		{D3666675-E41D-4E7B-A4D3-2C8A881A251C}.Debug|x86.Deploy.0 = Debug|x86
		{D3666675-E41D-4E7B-A4D3-2C8A881A251C}.Release|Any CPU.ActiveCfg = Release|x86
		{D3666675-E41D-4E7B-A4D3-2C8A881A251C}.Release|ARM.ActiveCfg = Release|ARM
		{D3666675-E41D-4E7B-A4D3-2C8A881A251C}.Release|ARM.Build.0 = Release|ARM
		{D3666675-E41D-4E7B-A4D3-2C8A881A251C}.Release|ARM.Deploy.0 = Release|ARM
		{D3666675-E41D-4E7B-A4D3-2C8A881A251C}.Release|x64.ActiveCfg = Release|x64
		{D3666675-E41D-4E7B-A4D3-2C8A881A251C}.Release|x64.Build.0 = Release|x64
		{D3666675-E41D-4E7B-A4D3-2C8A881A251C}.Release|x64.Deploy.0 = Release|x64
		{D3666675-E41D-4E7B-A4D3-2C8A881A251C}.Release|x86.ActiveCfg = Release|x86
		{D3666675-E41D-4E7B-A4D3-2C8A881A251C}.Release|x86.Build.0 = Release|x86
		{D3666675-E41D-4E7B-A4D3-2C8A881A251C}.Release|x86.Deploy.0 = Release|x86
		{D9CC0018-0712-4F1C-86E7-BFFFDC652C71}.Debug|Any CPU.ActiveCfg = Debug|x86
		{D9CC0018-0712-4F1C-86E7-BFFFDC652C71}.Debug|ARM.ActiveCfg = Debug|ARM
		{D9CC0018-0712-4F1C-86E7-BFFFDC652C71}.Debug|ARM.Build.0 = Debug|ARM
		{D9CC0018-0712-4F1C-86E7-BFFFDC652C71}.Debug|ARM.Deploy.0 = Debug|ARM
		{D9CC0018-0712-4F1C-86E7-BFFFDC652C71}.Debug|x64.ActiveCfg = Debug|x64
		{D9CC0018-0712-4F1C-86E7-BFFFDC652C71}.Debug|x64.Build.0 = Debug|x64
		{D9CC0018-0712-4F1C-86E7-BFFFDC652C71}.Debug|x64.Deploy.0 = Debug|x64
		{D9CC0018-0712-4F1C-86E7-BFFFDC652C71}.Debug|x86.ActiveCfg = Debug|x86
		{D9CC0018-0712-4F1C-86E7-BFFFDC652C71}.Debug|x86.Build.0 = Debug|x86
		{D9CC0018-0712-4F1C-86E7-BFFFDC652C71}.Debug|x86.Deploy.0 = Debug|x86
		{D9CC0018-0712-4F1C-86E7-BFFFDC652C71}.Release|Any CPU.ActiveCfg = Release|x86
		{D9CC0018-0712-4F1C-86E7-BFFFDC652C71}.Release|ARM.ActiveCfg = Release|ARM
		{D9CC0018-0712-4F1C-86E7-BFFFDC652C71}.Release|ARM.Build.0 = Release|ARM
		{D9CC0018-0712-4F1C-86E7-BFFFDC652C71}.Release|ARM.Deploy.0 = Release|ARM
		{D9CC0018-0712-4F1C-86E7-BFFFDC652C71}.Release|x64.ActiveCfg = Release|x64
		{D9CC0018-0712-4F1C-86E7-BFFFDC652C71}.Release|x64.Build.0 = Release|x64
		{D9CC0018-0712-4F1C-86E7-BFFFDC652C71}.Release|x64.Deploy.0 = Release|x64
		{D9CC0018-0712-4F1C-86E7-BFFFDC652C71}.Release|x86.ActiveCfg = Release|x86
		{D9CC0018-0712-4F1C-86E7-BFFFDC652C71}.Release|x86.Build.0 = Release|x86
		{D9CC0018-0712-4F1C-86E7-BFFFDC652C71}.Release|x86.Deploy.0 = Release|x86
		{65A675F7-E70A-487A-AE5F-8A6B9C56A358}.Debug|Any CPU.ActiveCfg = Debug|x86
		{65A675F7-E70A-487A-AE5F-8A6B9C56A358}.Debug|ARM.ActiveCfg = Debug|ARM
		{65A675F7-E70A-487A-AE5F-8A6B9C56A358}.Debug|ARM.Build.0 = Debug|ARM
		{65A675F7-E70A-487A-AE5F-8A6B9C56A358}.Debug|ARM.Deploy.0 = Debug|ARM
		{65A675F7-E70A-487A-AE5F-8A6B9C56A358}.Debug|x64.ActiveCfg = Debug|x64
		{65A675F7-E70A-487A-AE5F-8A6B9C56A358}.Debug|x64.Build.0 = Debug|x64
		{65A675F7-E70A-487A-AE5F-8A6B9C56A358}.Debug|x64.Deploy.0 = Debug|x64
		{65A675F7-E70A-487A-AE5F-8A6B9C56A358}.Debug|x86.ActiveCfg = Debug|x86
		{65A675F7-E70A-487A-AE5F-8A6B9C56A358}.Debug|x86.Build.0 = Debug|x86
		{65A675F7-E70A-487A-AE5F-8A6B9C56A358}.Debug|x86.Deploy.0 = Debug|x86
		{65A675F7-E70A-487A-AE5F-8A6B9C56A358}.Release|Any CPU.ActiveCfg = Release|x86
		{65A675F7-E70A-487A-AE5F-8A6B9C56A358}.Release|ARM.ActiveCfg = Release|ARM
		{65A675F7-E70A-487A-AE5F-8A6B9C56A358}.Release|ARM.Build.0 = Release|ARM
		{65A675F7-E70A-487A-AE5F-8A6B9C56A358}.Release|ARM.Deploy.0 = Release|ARM
		{65A675F7-E70A-487A-AE5F-8A6B9C56A358}.Release|x64.ActiveCfg = Release|x64
		{65A675F7-E70A-487A-AE5F-8A6B9C56A358}.Release|x64.Build.0 = Release|x64
		{65A675F7-E70A-487A-AE5F-8A6B9C56A358}.Release|x64.Deploy.0 = Release|x64
		{65A675F7-E70A-487A-AE5F-8A6B9C56A358}.Release|x86.ActiveCfg = Release|x86
		{65A675F7-E70A-487A-AE5F-8A6B9C56A358}.Release|x86.Build.0 = Release|x86
		{65A675F7-E70A-487A-AE5F-8A6B9C56A358}.Release|x86.Deploy.0 = Release|x86
		{2CD70A4F-9EED-4CDA-9E07-1A2BD33B4976}.Debug|Any CPU.ActiveCfg = Debug|Win32
		{2CD70A4F-9EED-4CDA-9E07-1A2BD33B4976}.Debug|ARM.ActiveCfg = Debug|ARM
		{2CD70A4F-9EED-4CDA-9E07-1A2BD33B4976}.Debug|ARM.Build.0 = Debug|ARM
		{2CD70A4F-9EED-4CDA-9E07-1A2BD33B4976}.Debug|x64.ActiveCfg = Debug|x64
		{2CD70A4F-9EED-4CDA-9E07-1A2BD33B4976}.Debug|x64.Build.0 = Debug|x64
		{2CD70A4F-9EED-4CDA-9E07-1A2BD33B4976}.Debug|x86.ActiveCfg = Debug|Win32
		{2CD70A4F-9EED-4CDA-9E07-1A2BD33B4976}.Debug|x86.Build.0 = Debug|Win32
		{2CD70A4F-9EED-4CDA-9E07-1A2BD33B4976}.Release|Any CPU.ActiveCfg = Release|Win32
		{2CD70A4F-9EED-4CDA-9E07-1A2BD33B4976}.Release|ARM.ActiveCfg = Release|ARM
		{2CD70A4F-9EED-4CDA-9E07-1A2BD33B4976}.Release|ARM.Build.0 = Release|ARM
		{2CD70A4F-9EED-4CDA-9E07-1A2BD33B4976}.Release|x64.ActiveCfg = Release|x64
		{2CD70A4F-9EED-4CDA-9E07-1A2BD33B4976}.Release|x64.Build.0 = Release|x64
		{2CD70A4F-9EED-4CDA-9E07-1A2BD33B4976}.Release|x86.ActiveCfg = Release|Win32
		{2CD70A4F-9EED-4CDA-9E07-1A2BD33B4976}.Release|x86.Build.0 = Release|Win32
		{10EFF263-2AF4-468B-B67A-2F7D66A27AE8}.Debug|Any CPU.ActiveCfg = Debug|x86
		{10EFF263-2AF4-468B-B67A-2F7D66A27AE8}.Debug|ARM.ActiveCfg = Debug|ARM
		{10EFF263-2AF4-468B-B67A-2F7D66A27AE8}.Debug|ARM.Build.0 = Debug|ARM
		{10EFF263-2AF4-468B-B67A-2F7D66A27AE8}.Debug|ARM.Deploy.0 = Debug|ARM
		{10EFF263-2AF4-468B-B67A-2F7D66A27AE8}.Debug|x64.ActiveCfg = Debug|x64
		{10EFF263-2AF4-468B-B67A-2F7D66A27AE8}.Debug|x64.Build.0 = Debug|x64
		{10EFF263-2AF4-468B-B67A-2F7D66A27AE8}.Debug|x64.Deploy.0 = Debug|x64
		{10EFF263-2AF4-468B-B67A-2F7D66A27AE8}.Debug|x86.ActiveCfg = Debug|x86
		{10EFF263-2AF4-468B-B67A-2F7D66A27AE8}.Debug|x86.Build.0 = Debug|x86
		{10EFF263-2AF4-468B-B67A-2F7D66A27AE8}.Debug|x86.Deploy.0 = Debug|x86
		{10EFF263-2AF4-468B-B67A-2F7D66A27AE8}.Release|Any CPU.ActiveCfg = Release|x86
		{10EFF263-2AF4-468B-B67A-2F7D66A27AE8}.Release|ARM.ActiveCfg = Release|ARM
		{10EFF263-2AF4-468B-B67A-2F7D66A27AE8}.Release|ARM.Build.0 = Release|ARM
		{10EFF263-2AF4-468B-B67A-2F7D66A27AE8}.Release|ARM.Deploy.0 = Release|ARM
		{10EFF263-2AF4-468B-B67A-2F7D66A27AE8}.Release|x64.ActiveCfg = Release|x64
		{10EFF263-2AF4-468B-B67A-2F7D66A27AE8}.Release|x64.Build.0 = Release|x64
		{10EFF263-2AF4-468B-B67A-2F7D66A27AE8}.Release|x64.Deploy.0 = Release|x64
		{10EFF263-2AF4-468B-B67A-2F7D66A27AE8}.Release|x86.ActiveCfg = Release|x86
		{10EFF263-2AF4-468B-B67A-2F7D66A27AE8}.Release|x86.Build.0 = Release|x86
		{10EFF263-2AF4-468B-B67A-2F7D66A27AE8}.Release|x86.Deploy.0 = Release|x86
		{CEE0576C-C001-416D-84B7-71A712AB909A}.Debug|Any CPU.ActiveCfg = Debug|x86
		{CEE0576C-C001-416D-84B7-71A712AB909A}.Debug|ARM.ActiveCfg = Debug|ARM
		{CEE0576C-C001-416D-84B7-71A712AB909A}.Debug|ARM.Build.0 = Debug|ARM
		{CEE0576C-C001-416D-84B7-71A712AB909A}.Debug|ARM.Deploy.0 = Debug|ARM
		{CEE0576C-C001-416D-84B7-71A712AB909A}.Debug|x64.ActiveCfg = Debug|x64
		{CEE0576C-C001-416D-84B7-71A712AB909A}.Debug|x64.Build.0 = Debug|x64
		{CEE0576C-C001-416D-84B7-71A712AB909A}.Debug|x64.Deploy.0 = Debug|x64
		{CEE0576C-C001-416D-84B7-71A712AB909A}.Debug|x86.ActiveCfg = Debug|x86
		{CEE0576C-C001-416D-84B7-71A712AB909A}.Debug|x86.Build.0 = Debug|x86
		{CEE0576C-C001-416D-84B7-71A712AB909A}.Debug|x86.Deploy.0 = Debug|x86
		{CEE0576C-C001-416D-84B7-71A712AB909A}.Release|Any CPU.ActiveCfg = Release|x86
		{CEE0576C-C001-416D-84B7-71A712AB909A}.Release|ARM.ActiveCfg = Release|ARM
		{CEE0576C-C001-416D-84B7-71A712AB909A}.Release|ARM.Build.0 = Release|ARM
		{CEE0576C-C001-416D-84B7-71A712AB909A}.Release|ARM.Deploy.0 = Release|ARM
		{CEE0576C-C001-416D-84B7-71A712AB909A}.Release|x64.ActiveCfg = Release|x64
		{CEE0576C-C001-416D-84B7-71A712AB909A}.Release|x64.Build.0 = Release|x64
		{CEE0576C-C001-416D-84B7-71A712AB909A}.Release|x64.Deploy.0 = Release|x64
		{CEE0576C-C001-416D-84B7-71A712AB909A}.Release|x86.ActiveCfg = Release|x86
		{CEE0576C-C001-416D-84B7-71A712AB909A}.Release|x86.Build.0 = Release|x86
		{CEE0576C-C001-416D-84B7-71A712AB909A}.Release|x86.Deploy.0 = Release|x86
	EndGlobalSection
	GlobalSection(SolutionProperties) = preSolution
		HideSolutionNode = FALSE
	EndGlobalSection
	GlobalSection(NestedProjects) = preSolution
		{16FA5AD6-07AE-4B97-B716-6ABE71DD3789} = {FE53C496-8217-4B18-BDDB-7A9DEC053FF4}
		{7AFC7B7A-DBB0-4E94-B899-6B5BD6CD01B3} = {382195D9-667B-43DE-B5F1-C65D2384772B}
		{44482D76-ACFF-499E-9180-91D5501998C8} = {382195D9-667B-43DE-B5F1-C65D2384772B}
		{D3666675-E41D-4E7B-A4D3-2C8A881A251C} = {382195D9-667B-43DE-B5F1-C65D2384772B}
		{D9CC0018-0712-4F1C-86E7-BFFFDC652C71} = {382195D9-667B-43DE-B5F1-C65D2384772B}
		{65A675F7-E70A-487A-AE5F-8A6B9C56A358} = {382195D9-667B-43DE-B5F1-C65D2384772B}
		{10EFF263-2AF4-468B-B67A-2F7D66A27AE8} = {382195D9-667B-43DE-B5F1-C65D2384772B}
		{CEE0576C-C001-416D-84B7-71A712AB909A} = {382195D9-667B-43DE-B5F1-C65D2384772B}
	EndGlobalSection
EndGlobal
