
Microsoft Visual Studio Solution File, Format Version 12.00
# Visual Studio 14
VisualStudioVersion = 14.0.22823.1
MinimumVisualStudioVersion = 10.0.40219.1
Project("{FAE04EC0-301F-11D3-BF4B-00C04F79EFBC}") = "IoTHelpers", "IoTHelpers\IoTHelpers.csproj", "{D485944F-D389-4E35-BB29-7A18BC7B522B}"
EndProject
Project("{FAE04EC0-301F-11D3-BF4B-00C04F79EFBC}") = "MotionDetector", "Examples\MotionDetector\MotionDetector.csproj", "{249D3542-E60F-4D5A-8497-AA3D9022AAF2}"
EndProject
Project("{2150E333-8FDC-42A3-9474-1A3956D46DE8}") = "Examples", "Examples", "{382195D9-667B-43DE-B5F1-C65D2384772B}"
EndProject
Project("{FAE04EC0-301F-11D3-BF4B-00C04F79EFBC}") = "RemoteControl", "Examples\RemoteControl\RemoteControl.csproj", "{4279EFF3-A441-4CDC-9668-61F0481C736C}"
EndProject
Project("{2150E333-8FDC-42A3-9474-1A3956D46DE8}") = "Services", "Services", "{FE53C496-8217-4B18-BDDB-7A9DEC053FF4}"
EndProject
Project("{FAE04EC0-301F-11D3-BF4B-00C04F79EFBC}") = "IoTService", "IoTService\IoTService.csproj", "{16FA5AD6-07AE-4B97-B716-6ABE71DD3789}"
EndProject
Global
	GlobalSection(SolutionConfigurationPlatforms) = preSolution
		Debug|Any CPU = Debug|Any CPU
		Debug|ARM = Debug|ARM
		Debug|x64 = Debug|x64
		Debug|x86 = Debug|x86
		Release|Any CPU = Release|Any CPU
		Release|ARM = Release|ARM
		Release|x64 = Release|x64
		Release|x86 = Release|x86
	EndGlobalSection
	GlobalSection(ProjectConfigurationPlatforms) = postSolution
		{D485944F-D389-4E35-BB29-7A18BC7B522B}.Debug|Any CPU.ActiveCfg = Debug|Any CPU
		{D485944F-D389-4E35-BB29-7A18BC7B522B}.Debug|Any CPU.Build.0 = Debug|Any CPU
		{D485944F-D389-4E35-BB29-7A18BC7B522B}.Debug|ARM.ActiveCfg = Debug|ARM
		{D485944F-D389-4E35-BB29-7A18BC7B522B}.Debug|ARM.Build.0 = Debug|ARM
		{D485944F-D389-4E35-BB29-7A18BC7B522B}.Debug|x64.ActiveCfg = Debug|x64
		{D485944F-D389-4E35-BB29-7A18BC7B522B}.Debug|x64.Build.0 = Debug|x64
		{D485944F-D389-4E35-BB29-7A18BC7B522B}.Debug|x86.ActiveCfg = Debug|x86
		{D485944F-D389-4E35-BB29-7A18BC7B522B}.Debug|x86.Build.0 = Debug|x86
		{D485944F-D389-4E35-BB29-7A18BC7B522B}.Release|Any CPU.ActiveCfg = Release|Any CPU
		{D485944F-D389-4E35-BB29-7A18BC7B522B}.Release|Any CPU.Build.0 = Release|Any CPU
		{D485944F-D389-4E35-BB29-7A18BC7B522B}.Release|ARM.ActiveCfg = Release|ARM
		{D485944F-D389-4E35-BB29-7A18BC7B522B}.Release|ARM.Build.0 = Release|ARM
		{D485944F-D389-4E35-BB29-7A18BC7B522B}.Release|x64.ActiveCfg = Release|x64
		{D485944F-D389-4E35-BB29-7A18BC7B522B}.Release|x64.Build.0 = Release|x64
		{D485944F-D389-4E35-BB29-7A18BC7B522B}.Release|x86.ActiveCfg = Release|x86
		{D485944F-D389-4E35-BB29-7A18BC7B522B}.Release|x86.Build.0 = Release|x86
		{249D3542-E60F-4D5A-8497-AA3D9022AAF2}.Debug|Any CPU.ActiveCfg = Debug|x86
		{249D3542-E60F-4D5A-8497-AA3D9022AAF2}.Debug|ARM.ActiveCfg = Debug|ARM
		{249D3542-E60F-4D5A-8497-AA3D9022AAF2}.Debug|ARM.Build.0 = Debug|ARM
		{249D3542-E60F-4D5A-8497-AA3D9022AAF2}.Debug|ARM.Deploy.0 = Debug|ARM
		{249D3542-E60F-4D5A-8497-AA3D9022AAF2}.Debug|x64.ActiveCfg = Debug|x64
		{249D3542-E60F-4D5A-8497-AA3D9022AAF2}.Debug|x64.Build.0 = Debug|x64
		{249D3542-E60F-4D5A-8497-AA3D9022AAF2}.Debug|x64.Deploy.0 = Debug|x64
		{249D3542-E60F-4D5A-8497-AA3D9022AAF2}.Debug|x86.ActiveCfg = Debug|x86
		{249D3542-E60F-4D5A-8497-AA3D9022AAF2}.Debug|x86.Build.0 = Debug|x86
		{249D3542-E60F-4D5A-8497-AA3D9022AAF2}.Debug|x86.Deploy.0 = Debug|x86
		{249D3542-E60F-4D5A-8497-AA3D9022AAF2}.Release|Any CPU.ActiveCfg = Release|x86
		{249D3542-E60F-4D5A-8497-AA3D9022AAF2}.Release|ARM.ActiveCfg = Release|ARM
		{249D3542-E60F-4D5A-8497-AA3D9022AAF2}.Release|ARM.Build.0 = Release|ARM
		{249D3542-E60F-4D5A-8497-AA3D9022AAF2}.Release|ARM.Deploy.0 = Release|ARM
		{249D3542-E60F-4D5A-8497-AA3D9022AAF2}.Release|x64.ActiveCfg = Release|x64
		{249D3542-E60F-4D5A-8497-AA3D9022AAF2}.Release|x64.Build.0 = Release|x64
		{249D3542-E60F-4D5A-8497-AA3D9022AAF2}.Release|x64.Deploy.0 = Release|x64
		{249D3542-E60F-4D5A-8497-AA3D9022AAF2}.Release|x86.ActiveCfg = Release|x86
		{249D3542-E60F-4D5A-8497-AA3D9022AAF2}.Release|x86.Build.0 = Release|x86
		{249D3542-E60F-4D5A-8497-AA3D9022AAF2}.Release|x86.Deploy.0 = Release|x86
		{4279EFF3-A441-4CDC-9668-61F0481C736C}.Debug|Any CPU.ActiveCfg = Debug|x86
		{4279EFF3-A441-4CDC-9668-61F0481C736C}.Debug|ARM.ActiveCfg = Debug|ARM
		{4279EFF3-A441-4CDC-9668-61F0481C736C}.Debug|ARM.Build.0 = Debug|ARM
		{4279EFF3-A441-4CDC-9668-61F0481C736C}.Debug|ARM.Deploy.0 = Debug|ARM
		{4279EFF3-A441-4CDC-9668-61F0481C736C}.Debug|x64.ActiveCfg = Debug|x64
		{4279EFF3-A441-4CDC-9668-61F0481C736C}.Debug|x64.Build.0 = Debug|x64
		{4279EFF3-A441-4CDC-9668-61F0481C736C}.Debug|x64.Deploy.0 = Debug|x64
		{4279EFF3-A441-4CDC-9668-61F0481C736C}.Debug|x86.ActiveCfg = Debug|x86
		{4279EFF3-A441-4CDC-9668-61F0481C736C}.Debug|x86.Build.0 = Debug|x86
		{4279EFF3-A441-4CDC-9668-61F0481C736C}.Debug|x86.Deploy.0 = Debug|x86
		{4279EFF3-A441-4CDC-9668-61F0481C736C}.Release|Any CPU.ActiveCfg = Release|x86
		{4279EFF3-A441-4CDC-9668-61F0481C736C}.Release|ARM.ActiveCfg = Release|ARM
		{4279EFF3-A441-4CDC-9668-61F0481C736C}.Release|ARM.Build.0 = Release|ARM
		{4279EFF3-A441-4CDC-9668-61F0481C736C}.Release|ARM.Deploy.0 = Release|ARM
		{4279EFF3-A441-4CDC-9668-61F0481C736C}.Release|x64.ActiveCfg = Release|x64
		{4279EFF3-A441-4CDC-9668-61F0481C736C}.Release|x64.Build.0 = Release|x64
		{4279EFF3-A441-4CDC-9668-61F0481C736C}.Release|x64.Deploy.0 = Release|x64
		{4279EFF3-A441-4CDC-9668-61F0481C736C}.Release|x86.ActiveCfg = Release|x86
		{4279EFF3-A441-4CDC-9668-61F0481C736C}.Release|x86.Build.0 = Release|x86
		{4279EFF3-A441-4CDC-9668-61F0481C736C}.Release|x86.Deploy.0 = Release|x86
		{16FA5AD6-07AE-4B97-B716-6ABE71DD3789}.Debug|Any CPU.ActiveCfg = Debug|Any CPU
		{16FA5AD6-07AE-4B97-B716-6ABE71DD3789}.Debug|Any CPU.Build.0 = Debug|Any CPU
		{16FA5AD6-07AE-4B97-B716-6ABE71DD3789}.Debug|ARM.ActiveCfg = Debug|Any CPU
		{16FA5AD6-07AE-4B97-B716-6ABE71DD3789}.Debug|ARM.Build.0 = Debug|Any CPU
		{16FA5AD6-07AE-4B97-B716-6ABE71DD3789}.Debug|x64.ActiveCfg = Debug|Any CPU
		{16FA5AD6-07AE-4B97-B716-6ABE71DD3789}.Debug|x64.Build.0 = Debug|Any CPU
		{16FA5AD6-07AE-4B97-B716-6ABE71DD3789}.Debug|x86.ActiveCfg = Debug|Any CPU
		{16FA5AD6-07AE-4B97-B716-6ABE71DD3789}.Debug|x86.Build.0 = Debug|Any CPU
		{16FA5AD6-07AE-4B97-B716-6ABE71DD3789}.Release|Any CPU.ActiveCfg = Release|Any CPU
		{16FA5AD6-07AE-4B97-B716-6ABE71DD3789}.Release|Any CPU.Build.0 = Release|Any CPU
		{16FA5AD6-07AE-4B97-B716-6ABE71DD3789}.Release|ARM.ActiveCfg = Release|Any CPU
		{16FA5AD6-07AE-4B97-B716-6ABE71DD3789}.Release|ARM.Build.0 = Release|Any CPU
		{16FA5AD6-07AE-4B97-B716-6ABE71DD3789}.Release|x64.ActiveCfg = Release|Any CPU
		{16FA5AD6-07AE-4B97-B716-6ABE71DD3789}.Release|x64.Build.0 = Release|Any CPU
		{16FA5AD6-07AE-4B97-B716-6ABE71DD3789}.Release|x86.ActiveCfg = Release|Any CPU
		{16FA5AD6-07AE-4B97-B716-6ABE71DD3789}.Release|x86.Build.0 = Release|Any CPU
	EndGlobalSection
	GlobalSection(SolutionProperties) = preSolution
		HideSolutionNode = FALSE
	EndGlobalSection
	GlobalSection(NestedProjects) = preSolution
		{249D3542-E60F-4D5A-8497-AA3D9022AAF2} = {382195D9-667B-43DE-B5F1-C65D2384772B}
		{4279EFF3-A441-4CDC-9668-61F0481C736C} = {382195D9-667B-43DE-B5F1-C65D2384772B}
		{16FA5AD6-07AE-4B97-B716-6ABE71DD3789} = {FE53C496-8217-4B18-BDDB-7A9DEC053FF4}
	EndGlobalSection
EndGlobal
