
Microsoft Visual Studio Solution File, Format Version 12.00
# Visual Studio 2013
VisualStudioVersion = 12.0.31101.0
MinimumVisualStudioVersion = 10.0.40219.1
Project("{FAE04EC0-301F-11D3-BF4B-00C04F79EFBC}") = "IoTService", "IoTService\IoTService.csproj", "{16FA5AD6-07AE-4B97-B716-6ABE71DD3789}"
EndProject
Project("{2150E333-8FDC-42A3-9474-1A3956D46DE8}") = "PublishScripts", "PublishScripts", "{EAE9A52A-B3DA-41D9-BC30-AD33997FCEB1}"
	ProjectSection(SolutionItems) = preProject
		PublishScripts\AzureWebsitePublishModule.psm1 = PublishScripts\AzureWebsitePublishModule.psm1
		PublishScripts\Publish-WebApplicationWebsite.ps1 = PublishScripts\Publish-WebApplicationWebsite.ps1
	EndProjectSection
EndProject
Project("{2150E333-8FDC-42A3-9474-1A3956D46DE8}") = "Configurations", "Configurations", "{4AA1020A-40FD-4301-B65F-647C1DB3DB2A}"
	ProjectSection(SolutionItems) = preProject
		PublishScripts\Configurations\IoTService-WAWS-dev.json = PublishScripts\Configurations\IoTService-WAWS-dev.json
	EndProjectSection
EndProject
Global	
	GlobalSection(SolutionConfigurationPlatforms) = preSolution
		Debug|Any CPU = Debug|Any CPU
		Release|Any CPU = Release|Any CPU
	EndGlobalSection
	GlobalSection(ProjectConfigurationPlatforms) = postSolution
		{16FA5AD6-07AE-4B97-B716-6ABE71DD3789}.Debug|Any CPU.ActiveCfg = Debug|Any CPU
		{16FA5AD6-07AE-4B97-B716-6ABE71DD3789}.Debug|Any CPU.Build.0 = Debug|Any CPU
		{16FA5AD6-07AE-4B97-B716-6ABE71DD3789}.Release|Any CPU.ActiveCfg = Release|Any CPU
		{16FA5AD6-07AE-4B97-B716-6ABE71DD3789}.Release|Any CPU.Build.0 = Release|Any CPU
	EndGlobalSection
	GlobalSection(SolutionProperties) = preSolution
		HideSolutionNode = FALSE
	EndGlobalSection
	GlobalSection(NestedProjects) = preSolution
		{4AA1020A-40FD-4301-B65F-647C1DB3DB2A} = {EAE9A52A-B3DA-41D9-BC30-AD33997FCEB1}
	EndGlobalSection
EndGlobal
